
Microsoft Visual Studio Solution File, Format Version 12.00
# Visual Studio Version 17
VisualStudioVersion = 17.2.32616.157
MinimumVisualStudioVersion = 10.0.40219.1
Project("{FAE04EC0-301F-11D3-BF4B-00C04F79EFBC}") = "Tabuada", "Tabuada\Tabuada.csproj", "{DC41444E-77FE-46FD-BC03-3CDCE1FC36E2}"
EndProject
Global
	GlobalSection(SolutionConfigurationPlatforms) = preSolution
		Debug|Any CPU = Debug|Any CPU
		Release|Any CPU = Release|Any CPU
	EndGlobalSection
	GlobalSection(ProjectConfigurationPlatforms) = postSolution
		{DC41444E-77FE-46FD-BC03-3CDCE1FC36E2}.Debug|Any CPU.ActiveCfg = Debug|Any CPU
		{DC41444E-77FE-46FD-BC03-3CDCE1FC36E2}.Debug|Any CPU.Build.0 = Debug|Any CPU
		{DC41444E-77FE-46FD-BC03-3CDCE1FC36E2}.Release|Any CPU.ActiveCfg = Release|Any CPU
		{DC41444E-77FE-46FD-BC03-3CDCE1FC36E2}.Release|Any CPU.Build.0 = Release|Any CPU
	EndGlobalSection
	GlobalSection(SolutionProperties) = preSolution
		HideSolutionNode = FALSE
	EndGlobalSection
	GlobalSection(ExtensibilityGlobals) = postSolution
		SolutionGuid = {4242149D-3AF1-44D9-A459-F7A7C99926EB}
	EndGlobalSection
EndGlobal
